
Microsoft Visual Studio Solution File, Format Version 12.00
# Visual Studio Version 16
VisualStudioVersion = 16.0.31205.134
MinimumVisualStudioVersion = 10.0.40219.1
Project("{FAE04EC0-301F-11D3-BF4B-00C04F79EFBC}") = "EcoomerceWebsite", "EcoomerceWebsite\EcoomerceWebsite.csproj", "{28AB03B0-481F-4D80-8427-86B4F01BCE54}"
EndProject
Global
	GlobalSection(SolutionConfigurationPlatforms) = preSolution
		Debug|Any CPU = Debug|Any CPU
		Release|Any CPU = Release|Any CPU
	EndGlobalSection
	GlobalSection(ProjectConfigurationPlatforms) = postSolution
		{28AB03B0-481F-4D80-8427-86B4F01BCE54}.Debug|Any CPU.ActiveCfg = Debug|Any CPU
		{28AB03B0-481F-4D80-8427-86B4F01BCE54}.Debug|Any CPU.Build.0 = Debug|Any CPU
		{28AB03B0-481F-4D80-8427-86B4F01BCE54}.Release|Any CPU.ActiveCfg = Release|Any CPU
		{28AB03B0-481F-4D80-8427-86B4F01BCE54}.Release|Any CPU.Build.0 = Release|Any CPU
	EndGlobalSection
	GlobalSection(SolutionProperties) = preSolution
		HideSolutionNode = FALSE
	EndGlobalSection
	GlobalSection(ExtensibilityGlobals) = postSolution
		SolutionGuid = {7A93B64F-04CA-460E-8D9D-448F5AB2B5DF}
	EndGlobalSection
EndGlobal
